
Microsoft Visual Studio Solution File, Format Version 12.00
# Visual Studio Version 17
VisualStudioVersion = 17.5.33627.172
MinimumVisualStudioVersion = 10.0.40219.1
Project("{BA25A884-857F-4515-8B25-A63FE82F7E40}") = "StereoKitResume_Android", "Projects\Android\StereoKitResume_Android.csproj", "{3CBF700B-A1AB-4620-B3FA-20EBB724618A}"
EndProject
Project("{BA25A884-857F-4515-8B25-A63FE82F7E40}") = "StereoKitResume", "StereoKitResume.csproj", "{B89E5E5C-26B5-4370-BF98-DC05B819E416}"
EndProject
Global
	GlobalSection(SolutionConfigurationPlatforms) = preSolution
		Debug|Any CPU = Debug|Any CPU
		Release|Any CPU = Release|Any CPU
	EndGlobalSection
	GlobalSection(ProjectConfigurationPlatforms) = postSolution
		{3CBF700B-A1AB-4620-B3FA-20EBB724618A}.Debug|Any CPU.ActiveCfg = Debug|Any CPU
		{3CBF700B-A1AB-4620-B3FA-20EBB724618A}.Debug|Any CPU.Build.0 = Debug|Any CPU
		{3CBF700B-A1AB-4620-B3FA-20EBB724618A}.Debug|Any CPU.Deploy.0 = Debug|Any CPU
		{3CBF700B-A1AB-4620-B3FA-20EBB724618A}.Release|Any CPU.ActiveCfg = Release|Any CPU
		{3CBF700B-A1AB-4620-B3FA-20EBB724618A}.Release|Any CPU.Build.0 = Release|Any CPU
		{3CBF700B-A1AB-4620-B3FA-20EBB724618A}.Release|Any CPU.Deploy.0 = Release|Any CPU
		{B89E5E5C-26B5-4370-BF98-DC05B819E416}.Debug|Any CPU.ActiveCfg = Debug|Any CPU
		{B89E5E5C-26B5-4370-BF98-DC05B819E416}.Debug|Any CPU.Build.0 = Debug|Any CPU
		{B89E5E5C-26B5-4370-BF98-DC05B819E416}.Release|Any CPU.ActiveCfg = Release|Any CPU
		{B89E5E5C-26B5-4370-BF98-DC05B819E416}.Release|Any CPU.Build.0 = Release|Any CPU
	EndGlobalSection
	GlobalSection(SolutionProperties) = preSolution
		HideSolutionNode = FALSE
	EndGlobalSection
	GlobalSection(ExtensibilityGlobals) = postSolution
		SolutionGuid = {71F5B359-8855-4941-9449-B97C4218731B}
	EndGlobalSection
EndGlobal
